
Microsoft Visual Studio Solution File, Format Version 12.00
# Visual Studio Version 17
VisualStudioVersion = 17.10.35013.160
MinimumVisualStudioVersion = 10.0.40219.1
Project("{FAE04EC0-301F-11D3-BF4B-00C04F79EFBC}") = "ExtractOpenTrafics", "ExtractOpenTrafics\ExtractOpenTrafics.csproj", "{978739EA-AD89-425C-BB88-254191355BCD}"
EndProject
Global
	GlobalSection(SolutionConfigurationPlatforms) = preSolution
		Debug|Any CPU = Debug|Any CPU
		Release|Any CPU = Release|Any CPU
	EndGlobalSection
	GlobalSection(ProjectConfigurationPlatforms) = postSolution
		{978739EA-AD89-425C-BB88-254191355BCD}.Debug|Any CPU.ActiveCfg = Debug|Any CPU
		{978739EA-AD89-425C-BB88-254191355BCD}.Debug|Any CPU.Build.0 = Debug|Any CPU
		{978739EA-AD89-425C-BB88-254191355BCD}.Release|Any CPU.ActiveCfg = Release|Any CPU
		{978739EA-AD89-425C-BB88-254191355BCD}.Release|Any CPU.Build.0 = Release|Any CPU
	EndGlobalSection
	GlobalSection(SolutionProperties) = preSolution
		HideSolutionNode = FALSE
	EndGlobalSection
	GlobalSection(ExtensibilityGlobals) = postSolution
		SolutionGuid = {49B9E421-36DC-4446-ABDE-96EF632C3D7E}
	EndGlobalSection
EndGlobal
